
Microsoft Visual Studio Solution File, Format Version 10.00
# Visual Studio 2008
Project("{FAE04EC0-301F-11D3-BF4B-00C04F79EFBC}") = "TestMail", "TestMail\TestMail.csproj", "{2295EFB3-C34B-4239-B196-0CB3D65695E3}"
EndProject
Global
	GlobalSection(SolutionConfigurationPlatforms) = preSolution
		Debug|x86 = Debug|x86
		Release|x86 = Release|x86
	EndGlobalSection
	GlobalSection(ProjectConfigurationPlatforms) = postSolution
		{2295EFB3-C34B-4239-B196-0CB3D65695E3}.Debug|x86.ActiveCfg = Debug|x86
		{2295EFB3-C34B-4239-B196-0CB3D65695E3}.Debug|x86.Build.0 = Debug|x86
		{2295EFB3-C34B-4239-B196-0CB3D65695E3}.Release|x86.ActiveCfg = Release|x86
		{2295EFB3-C34B-4239-B196-0CB3D65695E3}.Release|x86.Build.0 = Release|x86
	EndGlobalSection
	GlobalSection(MonoDevelopProperties) = preSolution
		StartupItem = TestMail\TestMail.csproj
	EndGlobalSection
EndGlobal
